// !$*UTF8*$!
{
	archiveVersion = 1;
	classes = {
	};
	objectVersion = 46;
	objects = {

/* Begin PBXBuildFile section */
		DC03909313B8FE6800843F95 /* HomeViewController.m in Sources */ = {isa = PBXBuildFile; fileRef = DC03909213B8FE6800843F95 /* HomeViewController.m */; };
		DC0390A013B906C700843F95 /* HomeView.xib in Resources */ = {isa = PBXBuildFile; fileRef = DC03909F13B906C700843F95 /* HomeView.xib */; };
		DC0390A613B9149000843F95 /* MusicItem.m in Sources */ = {isa = PBXBuildFile; fileRef = DC0390A513B9149000843F95 /* MusicItem.m */; };
		DC43F90C13A14E4F001B41F6 /* UIKit.framework in Frameworks */ = {isa = PBXBuildFile; fileRef = DC43F90B13A14E4F001B41F6 /* UIKit.framework */; };
		DC43F90E13A14E4F001B41F6 /* Foundation.framework in Frameworks */ = {isa = PBXBuildFile; fileRef = DC43F90D13A14E4F001B41F6 /* Foundation.framework */; };
		DC43F91013A14E4F001B41F6 /* CoreGraphics.framework in Frameworks */ = {isa = PBXBuildFile; fileRef = DC43F90F13A14E4F001B41F6 /* CoreGraphics.framework */; };
		DC43F91613A14E4F001B41F6 /* InfoPlist.strings in Resources */ = {isa = PBXBuildFile; fileRef = DC43F91413A14E4F001B41F6 /* InfoPlist.strings */; };
		DC43F91913A14E4F001B41F6 /* main.m in Sources */ = {isa = PBXBuildFile; fileRef = DC43F91813A14E4F001B41F6 /* main.m */; };
		DC43F91C13A14E4F001B41F6 /* SocksoAppDelegate.m in Sources */ = {isa = PBXBuildFile; fileRef = DC43F91B13A14E4F001B41F6 /* SocksoAppDelegate.m */; };
		DC43F92613A14E50001B41F6 /* UIKit.framework in Frameworks */ = {isa = PBXBuildFile; fileRef = DC43F90B13A14E4F001B41F6 /* UIKit.framework */; };
		DC43F92713A14E50001B41F6 /* Foundation.framework in Frameworks */ = {isa = PBXBuildFile; fileRef = DC43F90D13A14E4F001B41F6 /* Foundation.framework */; };
		DC43F92813A14E50001B41F6 /* CoreGraphics.framework in Frameworks */ = {isa = PBXBuildFile; fileRef = DC43F90F13A14E4F001B41F6 /* CoreGraphics.framework */; };
		DC43F93013A14E50001B41F6 /* InfoPlist.strings in Resources */ = {isa = PBXBuildFile; fileRef = DC43F92E13A14E50001B41F6 /* InfoPlist.strings */; };
		DC43F94113A14E7F001B41F6 /* ConnectViewController.m in Sources */ = {isa = PBXBuildFile; fileRef = DC43F93F13A14E7F001B41F6 /* ConnectViewController.m */; };
		DC43F94213A14E7F001B41F6 /* ConnectView.xib in Resources */ = {isa = PBXBuildFile; fileRef = DC43F94013A14E7F001B41F6 /* ConnectView.xib */; };
		DC43F94713A154A5001B41F6 /* background.gif in Resources */ = {isa = PBXBuildFile; fileRef = DC43F94613A154A5001B41F6 /* background.gif */; };
		DC43F95E13A16E1C001B41F6 /* logo.png in Resources */ = {isa = PBXBuildFile; fileRef = DC43F95D13A16E1C001B41F6 /* logo.png */; };
		DC43F96013A1F224001B41F6 /* community.png in Resources */ = {isa = PBXBuildFile; fileRef = DC43F95F13A1F223001B41F6 /* community.png */; };
		DC5B65D013A4DF55006ED498 /* NSObject+SBJSON.m in Sources */ = {isa = PBXBuildFile; fileRef = DC5B65C713A4DF55006ED498 /* NSObject+SBJSON.m */; };
		DC5B65D113A4DF55006ED498 /* NSString+SBJSON.m in Sources */ = {isa = PBXBuildFile; fileRef = DC5B65C913A4DF55006ED498 /* NSString+SBJSON.m */; };
		DC5B65D213A4DF55006ED498 /* SBJsonBase.m in Sources */ = {isa = PBXBuildFile; fileRef = DC5B65CB13A4DF55006ED498 /* SBJsonBase.m */; };
		DC5B65D313A4DF55006ED498 /* SBJsonParser.m in Sources */ = {isa = PBXBuildFile; fileRef = DC5B65CD13A4DF55006ED498 /* SBJsonParser.m */; };
		DC5B65D413A4DF55006ED498 /* SBJsonWriter.m in Sources */ = {isa = PBXBuildFile; fileRef = DC5B65CF13A4DF55006ED498 /* SBJsonWriter.m */; };
		DC5B65EA13A4DFD4006ED498 /* ASIAuthenticationDialog.m in Sources */ = {isa = PBXBuildFile; fileRef = DC5B65D713A4DFD4006ED498 /* ASIAuthenticationDialog.m */; };
		DC5B65EB13A4DFD4006ED498 /* ASIDataCompressor.m in Sources */ = {isa = PBXBuildFile; fileRef = DC5B65DA13A4DFD4006ED498 /* ASIDataCompressor.m */; };
		DC5B65EC13A4DFD4006ED498 /* ASIDataDecompressor.m in Sources */ = {isa = PBXBuildFile; fileRef = DC5B65DC13A4DFD4006ED498 /* ASIDataDecompressor.m */; };
		DC5B65ED13A4DFD4006ED498 /* ASIDownloadCache.m in Sources */ = {isa = PBXBuildFile; fileRef = DC5B65DE13A4DFD4006ED498 /* ASIDownloadCache.m */; };
		DC5B65EE13A4DFD4006ED498 /* ASIFormDataRequest.m in Sources */ = {isa = PBXBuildFile; fileRef = DC5B65E013A4DFD4006ED498 /* ASIFormDataRequest.m */; };
		DC5B65EF13A4DFD4006ED498 /* ASIHTTPRequest.m in Sources */ = {isa = PBXBuildFile; fileRef = DC5B65E213A4DFD4006ED498 /* ASIHTTPRequest.m */; };
		DC5B65F013A4DFD4006ED498 /* ASIInputStream.m in Sources */ = {isa = PBXBuildFile; fileRef = DC5B65E613A4DFD4006ED498 /* ASIInputStream.m */; };
		DC5B65F113A4DFD4006ED498 /* ASINetworkQueue.m in Sources */ = {isa = PBXBuildFile; fileRef = DC5B65E813A4DFD4006ED498 /* ASINetworkQueue.m */; };
		DC5B65F413A4DFE4006ED498 /* Reachability.m in Sources */ = {isa = PBXBuildFile; fileRef = DC5B65F313A4DFE4006ED498 /* Reachability.m */; };
		DC5B65FE13A4E438006ED498 /* CFNetwork.framework in Frameworks */ = {isa = PBXBuildFile; fileRef = DC5B65FD13A4E438006ED498 /* CFNetwork.framework */; };
		DC5B660013A4E44C006ED498 /* SystemConfiguration.framework in Frameworks */ = {isa = PBXBuildFile; fileRef = DC5B65FF13A4E44C006ED498 /* SystemConfiguration.framework */; };
		DC5B660213A4E457006ED498 /* MobileCoreServices.framework in Frameworks */ = {isa = PBXBuildFile; fileRef = DC5B660113A4E457006ED498 /* MobileCoreServices.framework */; };
		DC5B660513A4E46B006ED498 /* libz.1.2.3.dylib in Frameworks */ = {isa = PBXBuildFile; fileRef = DC5B660413A4E46B006ED498 /* libz.1.2.3.dylib */; };
		DC8659B413B9345100DB4DB3 /* MainWindow.xib in Resources */ = {isa = PBXBuildFile; fileRef = DC8659B313B9345100DB4DB3 /* MainWindow.xib */; };
		DCAE3C8013BB47360017BE29 /* QuartzCore.framework in Frameworks */ = {isa = PBXBuildFile; fileRef = DCAE3C7F13BB47360017BE29 /* QuartzCore.framework */; };
		DCB881BA13BA5E660095656A /* CommunityView.xib in Resources */ = {isa = PBXBuildFile; fileRef = DCB881B913BA5E660095656A /* CommunityView.xib */; };
		DCB881BE13BA5E980095656A /* CommunityViewController.m in Sources */ = {isa = PBXBuildFile; fileRef = DCB881BD13BA5E980095656A /* CommunityViewController.m */; };
		DCEB12A513BB0E99000806A4 /* SocksoServer.m in Sources */ = {isa = PBXBuildFile; fileRef = DCEB12A413BB0E98000806A4 /* SocksoServer.m */; };
		DCF065CB13BBB9DB000ECDEE /* PlayView.xib in Resources */ = {isa = PBXBuildFile; fileRef = DCF065CA13BBB9DB000ECDEE /* PlayView.xib */; };
		DCF065CF13BBBE5C000ECDEE /* PlayViewController.m in Sources */ = {isa = PBXBuildFile; fileRef = DCF065CE13BBBE59000ECDEE /* PlayViewController.m */; };
		DCF065E313BBCA7C000ECDEE /* AudioStreamer.m in Sources */ = {isa = PBXBuildFile; fileRef = DCF065E113BBCA7C000ECDEE /* AudioStreamer.m */; };
		DCF065ED13BBCBD8000ECDEE /* AudioToolbox.framework in Frameworks */ = {isa = PBXBuildFile; fileRef = DCF065EC13BBCBD8000ECDEE /* AudioToolbox.framework */; };
		DCF0660313BBD69F000ECDEE /* Track.m in Sources */ = {isa = PBXBuildFile; fileRef = DCF0660213BBD69F000ECDEE /* Track.m */; };
		DCF0660613BBD6E9000ECDEE /* Artist.m in Sources */ = {isa = PBXBuildFile; fileRef = DCF0660513BBD6E9000ECDEE /* Artist.m */; };
		DCF0660913BBD6F5000ECDEE /* Album.m in Sources */ = {isa = PBXBuildFile; fileRef = DCF0660813BBD6F4000ECDEE /* Album.m */; };
		DCF0660C13BBD883000ECDEE /* MusicItemTest.m in Sources */ = {isa = PBXBuildFile; fileRef = DCF0660B13BBD883000ECDEE /* MusicItemTest.m */; };
/* End PBXBuildFile section */

/* Begin PBXContainerItemProxy section */
		DC43F92913A14E50001B41F6 /* PBXContainerItemProxy */ = {
			isa = PBXContainerItemProxy;
			containerPortal = DC43F8FE13A14E4F001B41F6 /* Project object */;
			proxyType = 1;
			remoteGlobalIDString = DC43F90613A14E4F001B41F6;
			remoteInfo = "sockso-ios";
		};
/* End PBXContainerItemProxy section */

/* Begin PBXFileReference section */
		DC03909113B8FE6800843F95 /* HomeViewController.h */ = {isa = PBXFileReference; fileEncoding = 4; lastKnownFileType = sourcecode.c.h; path = HomeViewController.h; sourceTree = "<group>"; };
		DC03909213B8FE6800843F95 /* HomeViewController.m */ = {isa = PBXFileReference; fileEncoding = 4; lastKnownFileType = sourcecode.c.objc; path = HomeViewController.m; sourceTree = "<group>"; };
		DC03909F13B906C700843F95 /* HomeView.xib */ = {isa = PBXFileReference; fileEncoding = 4; lastKnownFileType = file.xib; path = HomeView.xib; sourceTree = "<group>"; };
		DC0390A413B9149000843F95 /* MusicItem.h */ = {isa = PBXFileReference; fileEncoding = 4; lastKnownFileType = sourcecode.c.h; path = MusicItem.h; sourceTree = "<group>"; };
		DC0390A513B9149000843F95 /* MusicItem.m */ = {isa = PBXFileReference; fileEncoding = 4; lastKnownFileType = sourcecode.c.objc; path = MusicItem.m; sourceTree = "<group>"; };
		DC43F90713A14E4F001B41F6 /* sockso-ios.app */ = {isa = PBXFileReference; explicitFileType = wrapper.application; includeInIndex = 0; path = "sockso-ios.app"; sourceTree = BUILT_PRODUCTS_DIR; };
		DC43F90B13A14E4F001B41F6 /* UIKit.framework */ = {isa = PBXFileReference; lastKnownFileType = wrapper.framework; name = UIKit.framework; path = System/Library/Frameworks/UIKit.framework; sourceTree = SDKROOT; };
		DC43F90D13A14E4F001B41F6 /* Foundation.framework */ = {isa = PBXFileReference; lastKnownFileType = wrapper.framework; name = Foundation.framework; path = System/Library/Frameworks/Foundation.framework; sourceTree = SDKROOT; };
		DC43F90F13A14E4F001B41F6 /* CoreGraphics.framework */ = {isa = PBXFileReference; lastKnownFileType = wrapper.framework; name = CoreGraphics.framework; path = System/Library/Frameworks/CoreGraphics.framework; sourceTree = SDKROOT; };
		DC43F91313A14E4F001B41F6 /* sockso-ios-Info.plist */ = {isa = PBXFileReference; lastKnownFileType = text.plist.xml; path = "sockso-ios-Info.plist"; sourceTree = "<group>"; };
		DC43F91513A14E4F001B41F6 /* en */ = {isa = PBXFileReference; lastKnownFileType = text.plist.strings; name = en; path = en.lproj/InfoPlist.strings; sourceTree = "<group>"; };
		DC43F91713A14E4F001B41F6 /* sockso-ios-Prefix.pch */ = {isa = PBXFileReference; lastKnownFileType = sourcecode.c.h; path = "sockso-ios-Prefix.pch"; sourceTree = "<group>"; };
		DC43F91813A14E4F001B41F6 /* main.m */ = {isa = PBXFileReference; lastKnownFileType = sourcecode.c.objc; path = main.m; sourceTree = "<group>"; };
		DC43F91A13A14E4F001B41F6 /* SocksoAppDelegate.h */ = {isa = PBXFileReference; lastKnownFileType = sourcecode.c.h; path = SocksoAppDelegate.h; sourceTree = "<group>"; };
		DC43F91B13A14E4F001B41F6 /* SocksoAppDelegate.m */ = {isa = PBXFileReference; lastKnownFileType = sourcecode.c.objc; path = SocksoAppDelegate.m; sourceTree = "<group>"; };
		DC43F92513A14E50001B41F6 /* sockso-iosTests.octest */ = {isa = PBXFileReference; explicitFileType = wrapper.cfbundle; includeInIndex = 0; path = "sockso-iosTests.octest"; sourceTree = BUILT_PRODUCTS_DIR; };
		DC43F92D13A14E50001B41F6 /* sockso-iosTests-Info.plist */ = {isa = PBXFileReference; lastKnownFileType = text.plist.xml; path = "sockso-iosTests-Info.plist"; sourceTree = "<group>"; };
		DC43F92F13A14E50001B41F6 /* en */ = {isa = PBXFileReference; lastKnownFileType = text.plist.strings; name = en; path = en.lproj/InfoPlist.strings; sourceTree = "<group>"; };
		DC43F93113A14E50001B41F6 /* sockso-iosTests-Prefix.pch */ = {isa = PBXFileReference; lastKnownFileType = sourcecode.c.h; path = "sockso-iosTests-Prefix.pch"; sourceTree = "<group>"; };
		DC43F93E13A14E7F001B41F6 /* ConnectViewController.h */ = {isa = PBXFileReference; fileEncoding = 4; lastKnownFileType = sourcecode.c.h; path = ConnectViewController.h; sourceTree = "<group>"; };
		DC43F93F13A14E7F001B41F6 /* ConnectViewController.m */ = {isa = PBXFileReference; fileEncoding = 4; lastKnownFileType = sourcecode.c.objc; path = ConnectViewController.m; sourceTree = "<group>"; };
		DC43F94013A14E7F001B41F6 /* ConnectView.xib */ = {isa = PBXFileReference; fileEncoding = 4; lastKnownFileType = file.xib; path = ConnectView.xib; sourceTree = "<group>"; };
		DC43F94613A154A5001B41F6 /* background.gif */ = {isa = PBXFileReference; lastKnownFileType = image.gif; path = background.gif; sourceTree = "<group>"; };
		DC43F95D13A16E1C001B41F6 /* logo.png */ = {isa = PBXFileReference; lastKnownFileType = image.png; name = logo.png; path = ../logo.png; sourceTree = "<group>"; };
		DC43F95F13A1F223001B41F6 /* community.png */ = {isa = PBXFileReference; lastKnownFileType = image.png; path = community.png; sourceTree = "<group>"; };
		DC5B65C513A4DF55006ED498 /* JSON.h */ = {isa = PBXFileReference; fileEncoding = 4; lastKnownFileType = sourcecode.c.h; path = JSON.h; sourceTree = "<group>"; };
		DC5B65C613A4DF55006ED498 /* NSObject+SBJSON.h */ = {isa = PBXFileReference; fileEncoding = 4; lastKnownFileType = sourcecode.c.h; path = "NSObject+SBJSON.h"; sourceTree = "<group>"; };
		DC5B65C713A4DF55006ED498 /* NSObject+SBJSON.m */ = {isa = PBXFileReference; fileEncoding = 4; lastKnownFileType = sourcecode.c.objc; path = "NSObject+SBJSON.m"; sourceTree = "<group>"; };
		DC5B65C813A4DF55006ED498 /* NSString+SBJSON.h */ = {isa = PBXFileReference; fileEncoding = 4; lastKnownFileType = sourcecode.c.h; path = "NSString+SBJSON.h"; sourceTree = "<group>"; };
		DC5B65C913A4DF55006ED498 /* NSString+SBJSON.m */ = {isa = PBXFileReference; fileEncoding = 4; lastKnownFileType = sourcecode.c.objc; path = "NSString+SBJSON.m"; sourceTree = "<group>"; };
		DC5B65CA13A4DF55006ED498 /* SBJsonBase.h */ = {isa = PBXFileReference; fileEncoding = 4; lastKnownFileType = sourcecode.c.h; path = SBJsonBase.h; sourceTree = "<group>"; };
		DC5B65CB13A4DF55006ED498 /* SBJsonBase.m */ = {isa = PBXFileReference; fileEncoding = 4; lastKnownFileType = sourcecode.c.objc; path = SBJsonBase.m; sourceTree = "<group>"; };
		DC5B65CC13A4DF55006ED498 /* SBJsonParser.h */ = {isa = PBXFileReference; fileEncoding = 4; lastKnownFileType = sourcecode.c.h; path = SBJsonParser.h; sourceTree = "<group>"; };
		DC5B65CD13A4DF55006ED498 /* SBJsonParser.m */ = {isa = PBXFileReference; fileEncoding = 4; lastKnownFileType = sourcecode.c.objc; path = SBJsonParser.m; sourceTree = "<group>"; };
		DC5B65CE13A4DF55006ED498 /* SBJsonWriter.h */ = {isa = PBXFileReference; fileEncoding = 4; lastKnownFileType = sourcecode.c.h; path = SBJsonWriter.h; sourceTree = "<group>"; };
		DC5B65CF13A4DF55006ED498 /* SBJsonWriter.m */ = {isa = PBXFileReference; fileEncoding = 4; lastKnownFileType = sourcecode.c.objc; path = SBJsonWriter.m; sourceTree = "<group>"; };
		DC5B65D613A4DFD4006ED498 /* ASIAuthenticationDialog.h */ = {isa = PBXFileReference; fileEncoding = 4; lastKnownFileType = sourcecode.c.h; path = ASIAuthenticationDialog.h; sourceTree = "<group>"; };
		DC5B65D713A4DFD4006ED498 /* ASIAuthenticationDialog.m */ = {isa = PBXFileReference; fileEncoding = 4; lastKnownFileType = sourcecode.c.objc; path = ASIAuthenticationDialog.m; sourceTree = "<group>"; };
		DC5B65D813A4DFD4006ED498 /* ASICacheDelegate.h */ = {isa = PBXFileReference; fileEncoding = 4; lastKnownFileType = sourcecode.c.h; path = ASICacheDelegate.h; sourceTree = "<group>"; };
		DC5B65D913A4DFD4006ED498 /* ASIDataCompressor.h */ = {isa = PBXFileReference; fileEncoding = 4; lastKnownFileType = sourcecode.c.h; path = ASIDataCompressor.h; sourceTree = "<group>"; };
		DC5B65DA13A4DFD4006ED498 /* ASIDataCompressor.m */ = {isa = PBXFileReference; fileEncoding = 4; lastKnownFileType = sourcecode.c.objc; path = ASIDataCompressor.m; sourceTree = "<group>"; };
		DC5B65DB13A4DFD4006ED498 /* ASIDataDecompressor.h */ = {isa = PBXFileReference; fileEncoding = 4; lastKnownFileType = sourcecode.c.h; path = ASIDataDecompressor.h; sourceTree = "<group>"; };
		DC5B65DC13A4DFD4006ED498 /* ASIDataDecompressor.m */ = {isa = PBXFileReference; fileEncoding = 4; lastKnownFileType = sourcecode.c.objc; path = ASIDataDecompressor.m; sourceTree = "<group>"; };
		DC5B65DD13A4DFD4006ED498 /* ASIDownloadCache.h */ = {isa = PBXFileReference; fileEncoding = 4; lastKnownFileType = sourcecode.c.h; path = ASIDownloadCache.h; sourceTree = "<group>"; };
		DC5B65DE13A4DFD4006ED498 /* ASIDownloadCache.m */ = {isa = PBXFileReference; fileEncoding = 4; lastKnownFileType = sourcecode.c.objc; path = ASIDownloadCache.m; sourceTree = "<group>"; };
		DC5B65DF13A4DFD4006ED498 /* ASIFormDataRequest.h */ = {isa = PBXFileReference; fileEncoding = 4; lastKnownFileType = sourcecode.c.h; path = ASIFormDataRequest.h; sourceTree = "<group>"; };
		DC5B65E013A4DFD4006ED498 /* ASIFormDataRequest.m */ = {isa = PBXFileReference; fileEncoding = 4; lastKnownFileType = sourcecode.c.objc; path = ASIFormDataRequest.m; sourceTree = "<group>"; };
		DC5B65E113A4DFD4006ED498 /* ASIHTTPRequest.h */ = {isa = PBXFileReference; fileEncoding = 4; lastKnownFileType = sourcecode.c.h; path = ASIHTTPRequest.h; sourceTree = "<group>"; };
		DC5B65E213A4DFD4006ED498 /* ASIHTTPRequest.m */ = {isa = PBXFileReference; fileEncoding = 4; lastKnownFileType = sourcecode.c.objc; path = ASIHTTPRequest.m; sourceTree = "<group>"; };
		DC5B65E313A4DFD4006ED498 /* ASIHTTPRequestConfig.h */ = {isa = PBXFileReference; fileEncoding = 4; lastKnownFileType = sourcecode.c.h; path = ASIHTTPRequestConfig.h; sourceTree = "<group>"; };
		DC5B65E413A4DFD4006ED498 /* ASIHTTPRequestDelegate.h */ = {isa = PBXFileReference; fileEncoding = 4; lastKnownFileType = sourcecode.c.h; path = ASIHTTPRequestDelegate.h; sourceTree = "<group>"; };
		DC5B65E513A4DFD4006ED498 /* ASIInputStream.h */ = {isa = PBXFileReference; fileEncoding = 4; lastKnownFileType = sourcecode.c.h; path = ASIInputStream.h; sourceTree = "<group>"; };
		DC5B65E613A4DFD4006ED498 /* ASIInputStream.m */ = {isa = PBXFileReference; fileEncoding = 4; lastKnownFileType = sourcecode.c.objc; path = ASIInputStream.m; sourceTree = "<group>"; };
		DC5B65E713A4DFD4006ED498 /* ASINetworkQueue.h */ = {isa = PBXFileReference; fileEncoding = 4; lastKnownFileType = sourcecode.c.h; path = ASINetworkQueue.h; sourceTree = "<group>"; };
		DC5B65E813A4DFD4006ED498 /* ASINetworkQueue.m */ = {isa = PBXFileReference; fileEncoding = 4; lastKnownFileType = sourcecode.c.objc; path = ASINetworkQueue.m; sourceTree = "<group>"; };
		DC5B65E913A4DFD4006ED498 /* ASIProgressDelegate.h */ = {isa = PBXFileReference; fileEncoding = 4; lastKnownFileType = sourcecode.c.h; path = ASIProgressDelegate.h; sourceTree = "<group>"; };
		DC5B65F213A4DFE4006ED498 /* Reachability.h */ = {isa = PBXFileReference; fileEncoding = 4; lastKnownFileType = sourcecode.c.h; path = Reachability.h; sourceTree = "<group>"; };
		DC5B65F313A4DFE4006ED498 /* Reachability.m */ = {isa = PBXFileReference; fileEncoding = 4; lastKnownFileType = sourcecode.c.objc; path = Reachability.m; sourceTree = "<group>"; };
		DC5B65FD13A4E438006ED498 /* CFNetwork.framework */ = {isa = PBXFileReference; lastKnownFileType = wrapper.framework; name = CFNetwork.framework; path = System/Library/Frameworks/CFNetwork.framework; sourceTree = SDKROOT; };
		DC5B65FF13A4E44C006ED498 /* SystemConfiguration.framework */ = {isa = PBXFileReference; lastKnownFileType = wrapper.framework; name = SystemConfiguration.framework; path = System/Library/Frameworks/SystemConfiguration.framework; sourceTree = SDKROOT; };
		DC5B660113A4E457006ED498 /* MobileCoreServices.framework */ = {isa = PBXFileReference; lastKnownFileType = wrapper.framework; name = MobileCoreServices.framework; path = System/Library/Frameworks/MobileCoreServices.framework; sourceTree = SDKROOT; };
		DC5B660313A4E45F006ED498 /* CoreGraphics.framework */ = {isa = PBXFileReference; lastKnownFileType = wrapper.framework; name = CoreGraphics.framework; path = System/Library/Frameworks/CoreGraphics.framework; sourceTree = SDKROOT; };
		DC5B660413A4E46B006ED498 /* libz.1.2.3.dylib */ = {isa = PBXFileReference; lastKnownFileType = "compiled.mach-o.dylib"; name = libz.1.2.3.dylib; path = usr/lib/libz.1.2.3.dylib; sourceTree = SDKROOT; };
		DC8659B313B9345100DB4DB3 /* MainWindow.xib */ = {isa = PBXFileReference; fileEncoding = 4; lastKnownFileType = file.xib; path = MainWindow.xib; sourceTree = "<group>"; };
		DCAE3C7F13BB47360017BE29 /* QuartzCore.framework */ = {isa = PBXFileReference; lastKnownFileType = wrapper.framework; name = QuartzCore.framework; path = System/Library/Frameworks/QuartzCore.framework; sourceTree = SDKROOT; };
		DCB881B913BA5E660095656A /* CommunityView.xib */ = {isa = PBXFileReference; fileEncoding = 4; lastKnownFileType = file.xib; path = CommunityView.xib; sourceTree = "<group>"; };
		DCB881BC13BA5E980095656A /* CommunityViewController.h */ = {isa = PBXFileReference; fileEncoding = 4; lastKnownFileType = sourcecode.c.h; path = CommunityViewController.h; sourceTree = "<group>"; };
		DCB881BD13BA5E980095656A /* CommunityViewController.m */ = {isa = PBXFileReference; fileEncoding = 4; lastKnownFileType = sourcecode.c.objc; path = CommunityViewController.m; sourceTree = "<group>"; };
		DCEB12A313BB0E98000806A4 /* SocksoServer.h */ = {isa = PBXFileReference; fileEncoding = 4; lastKnownFileType = sourcecode.c.h; path = SocksoServer.h; sourceTree = "<group>"; };
		DCEB12A413BB0E98000806A4 /* SocksoServer.m */ = {isa = PBXFileReference; fileEncoding = 4; lastKnownFileType = sourcecode.c.objc; path = SocksoServer.m; sourceTree = "<group>"; };
		DCF065CA13BBB9DB000ECDEE /* PlayView.xib */ = {isa = PBXFileReference; fileEncoding = 4; lastKnownFileType = file.xib; path = PlayView.xib; sourceTree = "<group>"; };
		DCF065CD13BBBE57000ECDEE /* PlayViewController.h */ = {isa = PBXFileReference; fileEncoding = 4; lastKnownFileType = sourcecode.c.h; path = PlayViewController.h; sourceTree = "<group>"; };
		DCF065CE13BBBE59000ECDEE /* PlayViewController.m */ = {isa = PBXFileReference; fileEncoding = 4; lastKnownFileType = sourcecode.c.objc; path = PlayViewController.m; sourceTree = "<group>"; };
		DCF065E113BBCA7C000ECDEE /* AudioStreamer.m */ = {isa = PBXFileReference; fileEncoding = 4; lastKnownFileType = sourcecode.c.objc; name = AudioStreamer.m; path = "../../../Downloads/mattgallagher-AudioStreamer-bf263da/Classes/AudioStreamer.m"; sourceTree = "<group>"; };
		DCF065E213BBCA7C000ECDEE /* AudioStreamer.h */ = {isa = PBXFileReference; fileEncoding = 4; lastKnownFileType = sourcecode.c.h; name = AudioStreamer.h; path = "../../../Downloads/mattgallagher-AudioStreamer-bf263da/Classes/AudioStreamer.h"; sourceTree = "<group>"; };
		DCF065EC13BBCBD8000ECDEE /* AudioToolbox.framework */ = {isa = PBXFileReference; lastKnownFileType = wrapper.framework; name = AudioToolbox.framework; path = System/Library/Frameworks/AudioToolbox.framework; sourceTree = SDKROOT; };
		DCF0660113BBD69F000ECDEE /* Track.h */ = {isa = PBXFileReference; fileEncoding = 4; lastKnownFileType = sourcecode.c.h; path = Track.h; sourceTree = "<group>"; };
		DCF0660213BBD69F000ECDEE /* Track.m */ = {isa = PBXFileReference; fileEncoding = 4; lastKnownFileType = sourcecode.c.objc; path = Track.m; sourceTree = "<group>"; };
		DCF0660413BBD6E9000ECDEE /* Artist.h */ = {isa = PBXFileReference; fileEncoding = 4; lastKnownFileType = sourcecode.c.h; path = Artist.h; sourceTree = "<group>"; };
		DCF0660513BBD6E9000ECDEE /* Artist.m */ = {isa = PBXFileReference; fileEncoding = 4; lastKnownFileType = sourcecode.c.objc; path = Artist.m; sourceTree = "<group>"; };
		DCF0660713BBD6F4000ECDEE /* Album.h */ = {isa = PBXFileReference; fileEncoding = 4; lastKnownFileType = sourcecode.c.h; path = Album.h; sourceTree = "<group>"; };
		DCF0660813BBD6F4000ECDEE /* Album.m */ = {isa = PBXFileReference; fileEncoding = 4; lastKnownFileType = sourcecode.c.objc; path = Album.m; sourceTree = "<group>"; };
		DCF0660A13BBD883000ECDEE /* MusicItemTest.h */ = {isa = PBXFileReference; fileEncoding = 4; lastKnownFileType = sourcecode.c.h; path = MusicItemTest.h; sourceTree = "<group>"; };
		DCF0660B13BBD883000ECDEE /* MusicItemTest.m */ = {isa = PBXFileReference; fileEncoding = 4; lastKnownFileType = sourcecode.c.objc; path = MusicItemTest.m; sourceTree = "<group>"; };
/* End PBXFileReference section */

/* Begin PBXFrameworksBuildPhase section */
		DC43F90413A14E4F001B41F6 /* Frameworks */ = {
			isa = PBXFrameworksBuildPhase;
			buildActionMask = 2147483647;
			files = (
				DCF065ED13BBCBD8000ECDEE /* AudioToolbox.framework in Frameworks */,
				DCAE3C8013BB47360017BE29 /* QuartzCore.framework in Frameworks */,
				DC5B660513A4E46B006ED498 /* libz.1.2.3.dylib in Frameworks */,
				DC43F91013A14E4F001B41F6 /* CoreGraphics.framework in Frameworks */,
				DC5B660213A4E457006ED498 /* MobileCoreServices.framework in Frameworks */,
				DC5B660013A4E44C006ED498 /* SystemConfiguration.framework in Frameworks */,
				DC5B65FE13A4E438006ED498 /* CFNetwork.framework in Frameworks */,
				DC43F90C13A14E4F001B41F6 /* UIKit.framework in Frameworks */,
				DC43F90E13A14E4F001B41F6 /* Foundation.framework in Frameworks */,
			);
			runOnlyForDeploymentPostprocessing = 0;
		};
		DC43F92113A14E50001B41F6 /* Frameworks */ = {
			isa = PBXFrameworksBuildPhase;
			buildActionMask = 2147483647;
			files = (
				DC43F92613A14E50001B41F6 /* UIKit.framework in Frameworks */,
				DC43F92713A14E50001B41F6 /* Foundation.framework in Frameworks */,
				DC43F92813A14E50001B41F6 /* CoreGraphics.framework in Frameworks */,
			);
			runOnlyForDeploymentPostprocessing = 0;
		};
/* End PBXFrameworksBuildPhase section */

/* Begin PBXGroup section */
		DC43F8FC13A14E4F001B41F6 = {
			isa = PBXGroup;
			children = (
				DCF065EC13BBCBD8000ECDEE /* AudioToolbox.framework */,
				DCAE3C7F13BB47360017BE29 /* QuartzCore.framework */,
				DC5B660413A4E46B006ED498 /* libz.1.2.3.dylib */,
				DC5B660313A4E45F006ED498 /* CoreGraphics.framework */,
				DC5B660113A4E457006ED498 /* MobileCoreServices.framework */,
				DC5B65FF13A4E44C006ED498 /* SystemConfiguration.framework */,
				DC5B65FD13A4E438006ED498 /* CFNetwork.framework */,
				DC43F91113A14E4F001B41F6 /* sockso-ios */,
				DC43F92B13A14E50001B41F6 /* sockso-iosTests */,
				DC43F90A13A14E4F001B41F6 /* Frameworks */,
				DC43F90813A14E4F001B41F6 /* Products */,
			);
			sourceTree = "<group>";
		};
		DC43F90813A14E4F001B41F6 /* Products */ = {
			isa = PBXGroup;
			children = (
				DC43F90713A14E4F001B41F6 /* sockso-ios.app */,
				DC43F92513A14E50001B41F6 /* sockso-iosTests.octest */,
			);
			name = Products;
			sourceTree = "<group>";
		};
		DC43F90A13A14E4F001B41F6 /* Frameworks */ = {
			isa = PBXGroup;
			children = (
				DC43F90B13A14E4F001B41F6 /* UIKit.framework */,
				DC43F90D13A14E4F001B41F6 /* Foundation.framework */,
				DC43F90F13A14E4F001B41F6 /* CoreGraphics.framework */,
			);
			name = Frameworks;
			sourceTree = "<group>";
		};
		DC43F91113A14E4F001B41F6 /* sockso-ios */ = {
			isa = PBXGroup;
			children = (
				DC4C95F413A4CB6100958C0E /* Vendor */,
				DC43F94513A15476001B41F6 /* Resources */,
				DC43F94413A1503F001B41F6 /* Views */,
				DC43F94313A15012001B41F6 /* Classes */,
				DC43F91213A14E4F001B41F6 /* Supporting Files */,
			);
			path = "sockso-ios";
			sourceTree = "<group>";
		};
		DC43F91213A14E4F001B41F6 /* Supporting Files */ = {
			isa = PBXGroup;
			children = (
				DC43F91313A14E4F001B41F6 /* sockso-ios-Info.plist */,
				DC43F91413A14E4F001B41F6 /* InfoPlist.strings */,
				DC43F91713A14E4F001B41F6 /* sockso-ios-Prefix.pch */,
				DC43F91813A14E4F001B41F6 /* main.m */,
			);
			name = "Supporting Files";
			sourceTree = "<group>";
		};
		DC43F92B13A14E50001B41F6 /* sockso-iosTests */ = {
			isa = PBXGroup;
			children = (
				DCF0660D13BBDB57000ECDEE /* Tests */,
				DC43F92C13A14E50001B41F6 /* Supporting Files */,
			);
			path = "sockso-iosTests";
			sourceTree = "<group>";
		};
		DC43F92C13A14E50001B41F6 /* Supporting Files */ = {
			isa = PBXGroup;
			children = (
				DC43F92D13A14E50001B41F6 /* sockso-iosTests-Info.plist */,
				DC43F92E13A14E50001B41F6 /* InfoPlist.strings */,
				DC43F93113A14E50001B41F6 /* sockso-iosTests-Prefix.pch */,
			);
			name = "Supporting Files";
			sourceTree = "<group>";
		};
		DC43F94313A15012001B41F6 /* Classes */ = {
			isa = PBXGroup;
			children = (
				DCF065FF13BBD62E000ECDEE /* Controllers */,
				DCF065FE13BBD622000ECDEE /* Sockso */,
				DC43F91A13A14E4F001B41F6 /* SocksoAppDelegate.h */,
				DC43F91B13A14E4F001B41F6 /* SocksoAppDelegate.m */,
			);
			name = Classes;
			sourceTree = "<group>";
		};
		DC43F94413A1503F001B41F6 /* Views */ = {
			isa = PBXGroup;
			children = (
				DC43F94013A14E7F001B41F6 /* ConnectView.xib */,
				DC03909F13B906C700843F95 /* HomeView.xib */,
				DC8659B313B9345100DB4DB3 /* MainWindow.xib */,
				DCB881B913BA5E660095656A /* CommunityView.xib */,
				DCF065CA13BBB9DB000ECDEE /* PlayView.xib */,
			);
			name = Views;
			sourceTree = "<group>";
		};
		DC43F94513A15476001B41F6 /* Resources */ = {
			isa = PBXGroup;
			children = (
				DC43F95A13A16DA6001B41F6 /* Images */,
			);
			name = Resources;
			sourceTree = "<group>";
		};
		DC43F95A13A16DA6001B41F6 /* Images */ = {
			isa = PBXGroup;
			children = (
				DC43F95F13A1F223001B41F6 /* community.png */,
				DC43F95D13A16E1C001B41F6 /* logo.png */,
				DC43F94613A154A5001B41F6 /* background.gif */,
			);
			name = Images;
			sourceTree = "<group>";
		};
		DC4C95F413A4CB6100958C0E /* Vendor */ = {
			isa = PBXGroup;
			children = (
				DCF065E013BBCA69000ECDEE /* AudioStreamer */,
				DC5B65D513A4DF86006ED498 /* ASIHTTPRequest */,
				DC5B65C413A4DF38006ED498 /* JSON */,
			);
			name = Vendor;
			sourceTree = "<group>";
		};
		DC5B65C413A4DF38006ED498 /* JSON */ = {
			isa = PBXGroup;
			children = (
				DC5B65C513A4DF55006ED498 /* JSON.h */,
				DC5B65C613A4DF55006ED498 /* NSObject+SBJSON.h */,
				DC5B65C713A4DF55006ED498 /* NSObject+SBJSON.m */,
				DC5B65C813A4DF55006ED498 /* NSString+SBJSON.h */,
				DC5B65C913A4DF55006ED498 /* NSString+SBJSON.m */,
				DC5B65CA13A4DF55006ED498 /* SBJsonBase.h */,
				DC5B65CB13A4DF55006ED498 /* SBJsonBase.m */,
				DC5B65CC13A4DF55006ED498 /* SBJsonParser.h */,
				DC5B65CD13A4DF55006ED498 /* SBJsonParser.m */,
				DC5B65CE13A4DF55006ED498 /* SBJsonWriter.h */,
				DC5B65CF13A4DF55006ED498 /* SBJsonWriter.m */,
			);
			name = JSON;
			sourceTree = "<group>";
		};
		DC5B65D513A4DF86006ED498 /* ASIHTTPRequest */ = {
			isa = PBXGroup;
			children = (
				DC5B65F213A4DFE4006ED498 /* Reachability.h */,
				DC5B65F313A4DFE4006ED498 /* Reachability.m */,
				DC5B65D613A4DFD4006ED498 /* ASIAuthenticationDialog.h */,
				DC5B65D713A4DFD4006ED498 /* ASIAuthenticationDialog.m */,
				DC5B65D813A4DFD4006ED498 /* ASICacheDelegate.h */,
				DC5B65D913A4DFD4006ED498 /* ASIDataCompressor.h */,
				DC5B65DA13A4DFD4006ED498 /* ASIDataCompressor.m */,
				DC5B65DB13A4DFD4006ED498 /* ASIDataDecompressor.h */,
				DC5B65DC13A4DFD4006ED498 /* ASIDataDecompressor.m */,
				DC5B65DD13A4DFD4006ED498 /* ASIDownloadCache.h */,
				DC5B65DE13A4DFD4006ED498 /* ASIDownloadCache.m */,
				DC5B65DF13A4DFD4006ED498 /* ASIFormDataRequest.h */,
				DC5B65E013A4DFD4006ED498 /* ASIFormDataRequest.m */,
				DC5B65E113A4DFD4006ED498 /* ASIHTTPRequest.h */,
				DC5B65E213A4DFD4006ED498 /* ASIHTTPRequest.m */,
				DC5B65E313A4DFD4006ED498 /* ASIHTTPRequestConfig.h */,
				DC5B65E413A4DFD4006ED498 /* ASIHTTPRequestDelegate.h */,
				DC5B65E513A4DFD4006ED498 /* ASIInputStream.h */,
				DC5B65E613A4DFD4006ED498 /* ASIInputStream.m */,
				DC5B65E713A4DFD4006ED498 /* ASINetworkQueue.h */,
				DC5B65E813A4DFD4006ED498 /* ASINetworkQueue.m */,
				DC5B65E913A4DFD4006ED498 /* ASIProgressDelegate.h */,
			);
			name = ASIHTTPRequest;
			sourceTree = "<group>";
		};
		DCF065E013BBCA69000ECDEE /* AudioStreamer */ = {
			isa = PBXGroup;
			children = (
				DCF065E113BBCA7C000ECDEE /* AudioStreamer.m */,
				DCF065E213BBCA7C000ECDEE /* AudioStreamer.h */,
			);
			name = AudioStreamer;
			sourceTree = "<group>";
		};
		DCF065FE13BBD622000ECDEE /* Sockso */ = {
			isa = PBXGroup;
			children = (
				DCEB12A313BB0E98000806A4 /* SocksoServer.h */,
				DCEB12A413BB0E98000806A4 /* SocksoServer.m */,
				DCF0660013BBD63C000ECDEE /* Music */,
			);
			name = Sockso;
			sourceTree = "<group>";
		};
		DCF065FF13BBD62E000ECDEE /* Controllers */ = {
			isa = PBXGroup;
			children = (
				DC43F93E13A14E7F001B41F6 /* ConnectViewController.h */,
				DC43F93F13A14E7F001B41F6 /* ConnectViewController.m */,
				DC03909113B8FE6800843F95 /* HomeViewController.h */,
				DC03909213B8FE6800843F95 /* HomeViewController.m */,
				DCB881BC13BA5E980095656A /* CommunityViewController.h */,
				DCB881BD13BA5E980095656A /* CommunityViewController.m */,
				DCF065CD13BBBE57000ECDEE /* PlayViewController.h */,
				DCF065CE13BBBE59000ECDEE /* PlayViewController.m */,
			);
			name = Controllers;
			sourceTree = "<group>";
		};
		DCF0660013BBD63C000ECDEE /* Music */ = {
			isa = PBXGroup;
			children = (
				DC0390A413B9149000843F95 /* MusicItem.h */,
				DC0390A513B9149000843F95 /* MusicItem.m */,
				DCF0660113BBD69F000ECDEE /* Track.h */,
				DCF0660213BBD69F000ECDEE /* Track.m */,
				DCF0660413BBD6E9000ECDEE /* Artist.h */,
				DCF0660513BBD6E9000ECDEE /* Artist.m */,
				DCF0660713BBD6F4000ECDEE /* Album.h */,
				DCF0660813BBD6F4000ECDEE /* Album.m */,
			);
			name = Music;
			sourceTree = "<group>";
		};
		DCF0660D13BBDB57000ECDEE /* Tests */ = {
			isa = PBXGroup;
			children = (
				DCF0660E13BBDB62000ECDEE /* Sockso */,
			);
			name = Tests;
			sourceTree = "<group>";
		};
		DCF0660E13BBDB62000ECDEE /* Sockso */ = {
			isa = PBXGroup;
			children = (
				DCF0660F13BBDB6A000ECDEE /* Music */,
			);
			name = Sockso;
			sourceTree = "<group>";
		};
		DCF0660F13BBDB6A000ECDEE /* Music */ = {
			isa = PBXGroup;
			children = (
				DCF0660A13BBD883000ECDEE /* MusicItemTest.h */,
				DCF0660B13BBD883000ECDEE /* MusicItemTest.m */,
			);
			name = Music;
			sourceTree = "<group>";
		};
/* End PBXGroup section */

/* Begin PBXNativeTarget section */
		DC43F90613A14E4F001B41F6 /* sockso-ios */ = {
			isa = PBXNativeTarget;
			buildConfigurationList = DC43F93813A14E50001B41F6 /* Build configuration list for PBXNativeTarget "sockso-ios" */;
			buildPhases = (
				DC43F90313A14E4F001B41F6 /* Sources */,
				DC43F90413A14E4F001B41F6 /* Frameworks */,
				DC43F90513A14E4F001B41F6 /* Resources */,
			);
			buildRules = (
			);
			dependencies = (
			);
			name = "sockso-ios";
			productName = "sockso-ios";
			productReference = DC43F90713A14E4F001B41F6 /* sockso-ios.app */;
			productType = "com.apple.product-type.application";
		};
		DC43F92413A14E50001B41F6 /* sockso-iosTests */ = {
			isa = PBXNativeTarget;
			buildConfigurationList = DC43F93B13A14E50001B41F6 /* Build configuration list for PBXNativeTarget "sockso-iosTests" */;
			buildPhases = (
				DC43F92013A14E50001B41F6 /* Sources */,
				DC43F92113A14E50001B41F6 /* Frameworks */,
				DC43F92213A14E50001B41F6 /* Resources */,
				DC43F92313A14E50001B41F6 /* ShellScript */,
			);
			buildRules = (
			);
			dependencies = (
				DC43F92A13A14E50001B41F6 /* PBXTargetDependency */,
			);
			name = "sockso-iosTests";
			productName = "sockso-iosTests";
			productReference = DC43F92513A14E50001B41F6 /* sockso-iosTests.octest */;
			productType = "com.apple.product-type.bundle";
		};
/* End PBXNativeTarget section */

/* Begin PBXProject section */
		DC43F8FE13A14E4F001B41F6 /* Project object */ = {
			isa = PBXProject;
			buildConfigurationList = DC43F90113A14E4F001B41F6 /* Build configuration list for PBXProject "sockso-ios" */;
			compatibilityVersion = "Xcode 3.2";
			developmentRegion = English;
			hasScannedForEncodings = 0;
			knownRegions = (
				en,
			);
			mainGroup = DC43F8FC13A14E4F001B41F6;
			productRefGroup = DC43F90813A14E4F001B41F6 /* Products */;
			projectDirPath = "";
			projectRoot = "";
			targets = (
				DC43F90613A14E4F001B41F6 /* sockso-ios */,
				DC43F92413A14E50001B41F6 /* sockso-iosTests */,
			);
		};
/* End PBXProject section */

/* Begin PBXResourcesBuildPhase section */
		DC43F90513A14E4F001B41F6 /* Resources */ = {
			isa = PBXResourcesBuildPhase;
			buildActionMask = 2147483647;
			files = (
				DC43F91613A14E4F001B41F6 /* InfoPlist.strings in Resources */,
				DC43F94213A14E7F001B41F6 /* ConnectView.xib in Resources */,
				DC43F94713A154A5001B41F6 /* background.gif in Resources */,
				DC43F95E13A16E1C001B41F6 /* logo.png in Resources */,
				DC43F96013A1F224001B41F6 /* community.png in Resources */,
				DC0390A013B906C700843F95 /* HomeView.xib in Resources */,
				DC8659B413B9345100DB4DB3 /* MainWindow.xib in Resources */,
				DCB881BA13BA5E660095656A /* CommunityView.xib in Resources */,
				DCF065CB13BBB9DB000ECDEE /* PlayView.xib in Resources */,
			);
			runOnlyForDeploymentPostprocessing = 0;
		};
		DC43F92213A14E50001B41F6 /* Resources */ = {
			isa = PBXResourcesBuildPhase;
			buildActionMask = 2147483647;
			files = (
				DC43F93013A14E50001B41F6 /* InfoPlist.strings in Resources */,
			);
			runOnlyForDeploymentPostprocessing = 0;
		};
/* End PBXResourcesBuildPhase section */

/* Begin PBXShellScriptBuildPhase section */
		DC43F92313A14E50001B41F6 /* ShellScript */ = {
			isa = PBXShellScriptBuildPhase;
			buildActionMask = 2147483647;
			files = (
			);
			inputPaths = (
			);
			outputPaths = (
			);
			runOnlyForDeploymentPostprocessing = 0;
			shellPath = /bin/sh;
			shellScript = "# Run the unit tests in this test bundle.\n\"${SYSTEM_DEVELOPER_DIR}/Tools/RunUnitTests\"\n";
		};
/* End PBXShellScriptBuildPhase section */

/* Begin PBXSourcesBuildPhase section */
		DC43F90313A14E4F001B41F6 /* Sources */ = {
			isa = PBXSourcesBuildPhase;
			buildActionMask = 2147483647;
			files = (
				DC43F91913A14E4F001B41F6 /* main.m in Sources */,
				DC43F91C13A14E4F001B41F6 /* SocksoAppDelegate.m in Sources */,
				DC43F94113A14E7F001B41F6 /* ConnectViewController.m in Sources */,
				DC5B65D013A4DF55006ED498 /* NSObject+SBJSON.m in Sources */,
				DC5B65D113A4DF55006ED498 /* NSString+SBJSON.m in Sources */,
				DC5B65D213A4DF55006ED498 /* SBJsonBase.m in Sources */,
				DC5B65D313A4DF55006ED498 /* SBJsonParser.m in Sources */,
				DC5B65D413A4DF55006ED498 /* SBJsonWriter.m in Sources */,
				DC5B65EA13A4DFD4006ED498 /* ASIAuthenticationDialog.m in Sources */,
				DC5B65EB13A4DFD4006ED498 /* ASIDataCompressor.m in Sources */,
				DC5B65EC13A4DFD4006ED498 /* ASIDataDecompressor.m in Sources */,
				DC5B65ED13A4DFD4006ED498 /* ASIDownloadCache.m in Sources */,
				DC5B65EE13A4DFD4006ED498 /* ASIFormDataRequest.m in Sources */,
				DC5B65EF13A4DFD4006ED498 /* ASIHTTPRequest.m in Sources */,
				DC5B65F013A4DFD4006ED498 /* ASIInputStream.m in Sources */,
				DC5B65F113A4DFD4006ED498 /* ASINetworkQueue.m in Sources */,
				DC5B65F413A4DFE4006ED498 /* Reachability.m in Sources */,
				DC03909313B8FE6800843F95 /* HomeViewController.m in Sources */,
				DC0390A613B9149000843F95 /* MusicItem.m in Sources */,
				DCB881BE13BA5E980095656A /* CommunityViewController.m in Sources */,
				DCEB12A513BB0E99000806A4 /* SocksoServer.m in Sources */,
				DCF065CF13BBBE5C000ECDEE /* PlayViewController.m in Sources */,
				DCF065E313BBCA7C000ECDEE /* AudioStreamer.m in Sources */,
				DCF0660313BBD69F000ECDEE /* Track.m in Sources */,
				DCF0660613BBD6E9000ECDEE /* Artist.m in Sources */,
				DCF0660913BBD6F5000ECDEE /* Album.m in Sources */,
			);
			runOnlyForDeploymentPostprocessing = 0;
		};
		DC43F92013A14E50001B41F6 /* Sources */ = {
			isa = PBXSourcesBuildPhase;
			buildActionMask = 2147483647;
			files = (
				DCF0660C13BBD883000ECDEE /* MusicItemTest.m in Sources */,
			);
			runOnlyForDeploymentPostprocessing = 0;
		};
/* End PBXSourcesBuildPhase section */

/* Begin PBXTargetDependency section */
		DC43F92A13A14E50001B41F6 /* PBXTargetDependency */ = {
			isa = PBXTargetDependency;
			target = DC43F90613A14E4F001B41F6 /* sockso-ios */;
			targetProxy = DC43F92913A14E50001B41F6 /* PBXContainerItemProxy */;
		};
/* End PBXTargetDependency section */

/* Begin PBXVariantGroup section */
		DC43F91413A14E4F001B41F6 /* InfoPlist.strings */ = {
			isa = PBXVariantGroup;
			children = (
				DC43F91513A14E4F001B41F6 /* en */,
			);
			name = InfoPlist.strings;
			sourceTree = "<group>";
		};
		DC43F92E13A14E50001B41F6 /* InfoPlist.strings */ = {
			isa = PBXVariantGroup;
			children = (
				DC43F92F13A14E50001B41F6 /* en */,
			);
			name = InfoPlist.strings;
			sourceTree = "<group>";
		};
/* End PBXVariantGroup section */

/* Begin XCBuildConfiguration section */
		DC43F93613A14E50001B41F6 /* Debug */ = {
			isa = XCBuildConfiguration;
			buildSettings = {
				ARCHS = "$(ARCHS_STANDARD_32_BIT)";
				"CODE_SIGN_IDENTITY[sdk=iphoneos*]" = "iPhone Developer";
				GCC_C_LANGUAGE_STANDARD = gnu99;
				GCC_OPTIMIZATION_LEVEL = 0;
				GCC_PREPROCESSOR_DEFINITIONS = DEBUG;
				GCC_SYMBOLS_PRIVATE_EXTERN = NO;
				GCC_VERSION = com.apple.compilers.llvmgcc42;
				GCC_WARN_ABOUT_RETURN_TYPE = YES;
				GCC_WARN_UNUSED_VARIABLE = YES;
				IPHONEOS_DEPLOYMENT_TARGET = 4.3;
				SDKROOT = iphoneos;
			};
			name = Debug;
		};
		DC43F93713A14E50001B41F6 /* Release */ = {
			isa = XCBuildConfiguration;
			buildSettings = {
				ARCHS = "$(ARCHS_STANDARD_32_BIT)";
				"CODE_SIGN_IDENTITY[sdk=iphoneos*]" = "iPhone Developer";
				GCC_C_LANGUAGE_STANDARD = gnu99;
				GCC_VERSION = com.apple.compilers.llvmgcc42;
				GCC_WARN_ABOUT_RETURN_TYPE = YES;
				GCC_WARN_UNUSED_VARIABLE = YES;
				IPHONEOS_DEPLOYMENT_TARGET = 4.3;
				OTHER_CFLAGS = "-DNS_BLOCK_ASSERTIONS=1";
				SDKROOT = iphoneos;
			};
			name = Release;
		};
		DC43F93913A14E50001B41F6 /* Debug */ = {
			isa = XCBuildConfiguration;
			buildSettings = {
				ALWAYS_SEARCH_USER_PATHS = NO;
				COPY_PHASE_STRIP = NO;
				GCC_DYNAMIC_NO_PIC = NO;
				GCC_PRECOMPILE_PREFIX_HEADER = YES;
				GCC_PREFIX_HEADER = "sockso-ios/sockso-ios-Prefix.pch";
				INFOPLIST_FILE = "sockso-ios/sockso-ios-Info.plist";
				New_Setting = "";
				PRODUCT_NAME = "$(TARGET_NAME)";
				WRAPPER_EXTENSION = app;
			};
			name = Debug;
		};
		DC43F93A13A14E50001B41F6 /* Release */ = {
			isa = XCBuildConfiguration;
			buildSettings = {
				ALWAYS_SEARCH_USER_PATHS = NO;
				COPY_PHASE_STRIP = YES;
				GCC_PRECOMPILE_PREFIX_HEADER = YES;
				GCC_PREFIX_HEADER = "sockso-ios/sockso-ios-Prefix.pch";
				INFOPLIST_FILE = "sockso-ios/sockso-ios-Info.plist";
				New_Setting = "";
				PRODUCT_NAME = "$(TARGET_NAME)";
				VALIDATE_PRODUCT = YES;
				WRAPPER_EXTENSION = app;
			};
			name = Release;
		};
		DC43F93C13A14E50001B41F6 /* Debug */ = {
			isa = XCBuildConfiguration;
			buildSettings = {
				ALWAYS_SEARCH_USER_PATHS = NO;
				BUNDLE_LOADER = "$(BUILT_PRODUCTS_DIR)/sockso-ios.app/sockso-ios";
				FRAMEWORK_SEARCH_PATHS = (
					"$(SDKROOT)/Developer/Library/Frameworks",
					"$(DEVELOPER_LIBRARY_DIR)/Frameworks",
				);
				GCC_PRECOMPILE_PREFIX_HEADER = YES;
				GCC_PREFIX_HEADER = "sockso-iosTests/sockso-iosTests-Prefix.pch";
				INFOPLIST_FILE = "sockso-iosTests/sockso-iosTests-Info.plist";
				OTHER_LDFLAGS = (
					"-framework",
					SenTestingKit,
				);
				PRODUCT_NAME = "$(TARGET_NAME)";
				TEST_HOST = "$(BUNDLE_LOADER)";
				WRAPPER_EXTENSION = octest;
			};
			name = Debug;
		};
		DC43F93D13A14E50001B41F6 /* Release */ = {
			isa = XCBuildConfiguration;
			buildSettings = {
				ALWAYS_SEARCH_USER_PATHS = NO;
				BUNDLE_LOADER = "$(BUILT_PRODUCTS_DIR)/sockso-ios.app/sockso-ios";
				FRAMEWORK_SEARCH_PATHS = (
					"$(SDKROOT)/Developer/Library/Frameworks",
					"$(DEVELOPER_LIBRARY_DIR)/Frameworks",
				);
				GCC_PRECOMPILE_PREFIX_HEADER = YES;
				GCC_PREFIX_HEADER = "sockso-iosTests/sockso-iosTests-Prefix.pch";
				INFOPLIST_FILE = "sockso-iosTests/sockso-iosTests-Info.plist";
				OTHER_LDFLAGS = (
					"-framework",
					SenTestingKit,
				);
				PRODUCT_NAME = "$(TARGET_NAME)";
				TEST_HOST = "$(BUNDLE_LOADER)";
				WRAPPER_EXTENSION = octest;
			};
			name = Release;
		};
/* End XCBuildConfiguration section */

/* Begin XCConfigurationList section */
		DC43F90113A14E4F001B41F6 /* Build configuration list for PBXProject "sockso-ios" */ = {
			isa = XCConfigurationList;
			buildConfigurations = (
				DC43F93613A14E50001B41F6 /* Debug */,
				DC43F93713A14E50001B41F6 /* Release */,
			);
			defaultConfigurationIsVisible = 0;
			defaultConfigurationName = Release;
		};
		DC43F93813A14E50001B41F6 /* Build configuration list for PBXNativeTarget "sockso-ios" */ = {
			isa = XCConfigurationList;
			buildConfigurations = (
				DC43F93913A14E50001B41F6 /* Debug */,
				DC43F93A13A14E50001B41F6 /* Release */,
			);
			defaultConfigurationIsVisible = 0;
			defaultConfigurationName = Release;
		};
		DC43F93B13A14E50001B41F6 /* Build configuration list for PBXNativeTarget "sockso-iosTests" */ = {
			isa = XCConfigurationList;
			buildConfigurations = (
				DC43F93C13A14E50001B41F6 /* Debug */,
				DC43F93D13A14E50001B41F6 /* Release */,
			);
			defaultConfigurationIsVisible = 0;
			defaultConfigurationName = Release;
		};
/* End XCConfigurationList section */
	};
	rootObject = DC43F8FE13A14E4F001B41F6 /* Project object */;
}
